// !$*UTF8*$!
{
	archiveVersion = 1;
	classes = {
	};
	objectVersion = 46;
	objects = {

/* Begin PBXBuildFile section */
		4547C2A2195DF1C10075EBB0 /* AppDelegate.swift in Sources */ = {isa = PBXBuildFile; fileRef = 4547C2A1195DF1C10075EBB0 /* AppDelegate.swift */; };
		4547C2A4195DF1C10075EBB0 /* SmashViewController.swift in Sources */ = {isa = PBXBuildFile; fileRef = 4547C2A3195DF1C10075EBB0 /* SmashViewController.swift */; };
		4547C2A7195DF1C10075EBB0 /* Main.storyboard in Resources */ = {isa = PBXBuildFile; fileRef = 4547C2A5195DF1C10075EBB0 /* Main.storyboard */; };
		4547C2A9195DF1C10075EBB0 /* Images.xcassets in Resources */ = {isa = PBXBuildFile; fileRef = 4547C2A8195DF1C10075EBB0 /* Images.xcassets */; };
		456C0000196EF373005E8E9C /* OrderedAlphabet.swift in Sources */ = {isa = PBXBuildFile; fileRef = 456CFFFF196EF373005E8E9C /* OrderedAlphabet.swift */; };
		456C0002196EF8C5005E8E9C /* Counting.swift in Sources */ = {isa = PBXBuildFile; fileRef = 456C0001196EF8C5005E8E9C /* Counting.swift */; };
		456CDE9E196ED97D00B0F836 /* HuntForKey.swift in Sources */ = {isa = PBXBuildFile; fileRef = 456CDE9B196ED97D00B0F836 /* HuntForKey.swift */; };
		456CDE9F196ED97D00B0F836 /* Modeable.swift in Sources */ = {isa = PBXBuildFile; fileRef = 456CDE9C196ED97D00B0F836 /* Modeable.swift */; };
		456CDEA0196ED97D00B0F836 /* SayPressedKey.swift in Sources */ = {isa = PBXBuildFile; fileRef = 456CDE9D196ED97D00B0F836 /* SayPressedKey.swift */; };
		45FC1162196DCB63008985F0 /* ExternalKeyboard.swift in Sources */ = {isa = PBXBuildFile; fileRef = 45FC1161196DCB63008985F0 /* ExternalKeyboard.swift */; };
		52CDC69E0E8592D5C9257C0C /* Pods_KeySmash.framework in Frameworks */ = {isa = PBXBuildFile; fileRef = FDC06DC216E05DC698BFF22B /* Pods_KeySmash.framework */; };
		D70EBF681E3A106800D00AB2 /* Tuple+Extensions.swift in Sources */ = {isa = PBXBuildFile; fileRef = D70EBF671E3A106800D00AB2 /* Tuple+Extensions.swift */; };
		D70EBF6A1E3A160B00D00AB2 /* Array+Extensions.swift in Sources */ = {isa = PBXBuildFile; fileRef = D70EBF691E3A160B00D00AB2 /* Array+Extensions.swift */; };
		D754B1C01E339A1D00A85BDC /* AVFoundation.framework in Frameworks */ = {isa = PBXBuildFile; fileRef = D754B1BF1E339A1D00A85BDC /* AVFoundation.framework */; };
		D754B1C21E33D52B00A85BDC /* String+Extensions.swift in Sources */ = {isa = PBXBuildFile; fileRef = D754B1C11E33D52B00A85BDC /* String+Extensions.swift */; };
		D754B1C41E33DC5000A85BDC /* Mode.swift in Sources */ = {isa = PBXBuildFile; fileRef = D754B1C31E33DC5000A85BDC /* Mode.swift */; };
		D754B1C61E33EDAF00A85BDC /* OrderedMode.swift in Sources */ = {isa = PBXBuildFile; fileRef = D754B1C51E33EDAF00A85BDC /* OrderedMode.swift */; };
		D754B1C81E33F5BA00A85BDC /* Optional+Extensions.swift in Sources */ = {isa = PBXBuildFile; fileRef = D754B1C71E33F5BA00A85BDC /* Optional+Extensions.swift */; };
/* End PBXBuildFile section */

/* Begin PBXFileReference section */
		110CBB4E03A0DB1057C38E52 /* Pods-KeySmash.release.xcconfig */ = {isa = PBXFileReference; includeInIndex = 1; lastKnownFileType = text.xcconfig; name = "Pods-KeySmash.release.xcconfig"; path = "Pods/Target Support Files/Pods-KeySmash/Pods-KeySmash.release.xcconfig"; sourceTree = "<group>"; };
		4547C29C195DF1C10075EBB0 /* KeySmash.app */ = {isa = PBXFileReference; explicitFileType = wrapper.application; includeInIndex = 0; path = KeySmash.app; sourceTree = BUILT_PRODUCTS_DIR; };
		4547C2A0195DF1C10075EBB0 /* Info.plist */ = {isa = PBXFileReference; lastKnownFileType = text.plist.xml; path = Info.plist; sourceTree = "<group>"; };
		4547C2A1195DF1C10075EBB0 /* AppDelegate.swift */ = {isa = PBXFileReference; lastKnownFileType = sourcecode.swift; path = AppDelegate.swift; sourceTree = "<group>"; };
		4547C2A3195DF1C10075EBB0 /* SmashViewController.swift */ = {isa = PBXFileReference; lastKnownFileType = sourcecode.swift; path = SmashViewController.swift; sourceTree = "<group>"; };
		4547C2A6195DF1C10075EBB0 /* Base */ = {isa = PBXFileReference; lastKnownFileType = file.storyboard; name = Base; path = Base.lproj/Main.storyboard; sourceTree = "<group>"; };
		4547C2A8195DF1C10075EBB0 /* Images.xcassets */ = {isa = PBXFileReference; lastKnownFileType = folder.assetcatalog; path = Images.xcassets; sourceTree = "<group>"; };
		456C0001196EF8C5005E8E9C /* Counting.swift */ = {isa = PBXFileReference; fileEncoding = 4; lastKnownFileType = sourcecode.swift; path = Counting.swift; sourceTree = "<group>"; };
		456CDE9B196ED97D00B0F836 /* HuntForKey.swift */ = {isa = PBXFileReference; fileEncoding = 4; lastKnownFileType = sourcecode.swift; path = HuntForKey.swift; sourceTree = "<group>"; };
		456CDE9C196ED97D00B0F836 /* Modeable.swift */ = {isa = PBXFileReference; fileEncoding = 4; lastKnownFileType = sourcecode.swift; path = Modeable.swift; sourceTree = "<group>"; };
		456CDE9D196ED97D00B0F836 /* SayPressedKey.swift */ = {isa = PBXFileReference; fileEncoding = 4; lastKnownFileType = sourcecode.swift; path = SayPressedKey.swift; sourceTree = "<group>"; };
		456CFFFF196EF373005E8E9C /* OrderedAlphabet.swift */ = {isa = PBXFileReference; fileEncoding = 4; lastKnownFileType = sourcecode.swift; path = OrderedAlphabet.swift; sourceTree = "<group>"; };
		45FC1161196DCB63008985F0 /* ExternalKeyboard.swift */ = {isa = PBXFileReference; fileEncoding = 4; lastKnownFileType = sourcecode.swift; path = ExternalKeyboard.swift; sourceTree = "<group>"; };
		4A345AB53AD9BA58474AB916 /* Pods-KeySmash.debug.xcconfig */ = {isa = PBXFileReference; includeInIndex = 1; lastKnownFileType = text.xcconfig; name = "Pods-KeySmash.debug.xcconfig"; path = "Pods/Target Support Files/Pods-KeySmash/Pods-KeySmash.debug.xcconfig"; sourceTree = "<group>"; };
		D70EBF671E3A106800D00AB2 /* Tuple+Extensions.swift */ = {isa = PBXFileReference; fileEncoding = 4; lastKnownFileType = sourcecode.swift; path = "Tuple+Extensions.swift"; sourceTree = "<group>"; };
		D70EBF691E3A160B00D00AB2 /* Array+Extensions.swift */ = {isa = PBXFileReference; fileEncoding = 4; lastKnownFileType = sourcecode.swift; path = "Array+Extensions.swift"; sourceTree = "<group>"; };
		D754B1BF1E339A1D00A85BDC /* AVFoundation.framework */ = {isa = PBXFileReference; lastKnownFileType = wrapper.framework; name = AVFoundation.framework; path = System/Library/Frameworks/AVFoundation.framework; sourceTree = SDKROOT; };
		D754B1C11E33D52B00A85BDC /* String+Extensions.swift */ = {isa = PBXFileReference; fileEncoding = 4; lastKnownFileType = sourcecode.swift; path = "String+Extensions.swift"; sourceTree = "<group>"; };
		D754B1C31E33DC5000A85BDC /* Mode.swift */ = {isa = PBXFileReference; fileEncoding = 4; lastKnownFileType = sourcecode.swift; path = Mode.swift; sourceTree = "<group>"; };
		D754B1C51E33EDAF00A85BDC /* OrderedMode.swift */ = {isa = PBXFileReference; fileEncoding = 4; lastKnownFileType = sourcecode.swift; path = OrderedMode.swift; sourceTree = "<group>"; };
		D754B1C71E33F5BA00A85BDC /* Optional+Extensions.swift */ = {isa = PBXFileReference; fileEncoding = 4; lastKnownFileType = sourcecode.swift; path = "Optional+Extensions.swift"; sourceTree = "<group>"; };
		FDC06DC216E05DC698BFF22B /* Pods_KeySmash.framework */ = {isa = PBXFileReference; explicitFileType = wrapper.framework; includeInIndex = 0; path = Pods_KeySmash.framework; sourceTree = BUILT_PRODUCTS_DIR; };
/* End PBXFileReference section */

/* Begin PBXFrameworksBuildPhase section */
		4547C299195DF1C10075EBB0 /* Frameworks */ = {
			isa = PBXFrameworksBuildPhase;
			buildActionMask = 2147483647;
			files = (
				D754B1C01E339A1D00A85BDC /* AVFoundation.framework in Frameworks */,
				52CDC69E0E8592D5C9257C0C /* Pods_KeySmash.framework in Frameworks */,
			);
			runOnlyForDeploymentPostprocessing = 0;
		};
/* End PBXFrameworksBuildPhase section */

/* Begin PBXGroup section */
		3844B27CFF51251DE014A9D3 /* Pods */ = {
			isa = PBXGroup;
			children = (
				4A345AB53AD9BA58474AB916 /* Pods-KeySmash.debug.xcconfig */,
				110CBB4E03A0DB1057C38E52 /* Pods-KeySmash.release.xcconfig */,
			);
			name = Pods;
			sourceTree = "<group>";
		};
		4547C293195DF1C10075EBB0 = {
			isa = PBXGroup;
			children = (
				4547C29E195DF1C10075EBB0 /* KeySmash */,
				4547C29D195DF1C10075EBB0 /* Products */,
				D754B1BE1E339A1D00A85BDC /* Frameworks */,
				3844B27CFF51251DE014A9D3 /* Pods */,
			);
			sourceTree = "<group>";
		};
		4547C29D195DF1C10075EBB0 /* Products */ = {
			isa = PBXGroup;
			children = (
				4547C29C195DF1C10075EBB0 /* KeySmash.app */,
			);
			name = Products;
			sourceTree = "<group>";
		};
		4547C29E195DF1C10075EBB0 /* KeySmash */ = {
			isa = PBXGroup;
			children = (
				456CDE9A196ED97D00B0F836 /* modes */,
				4547C2A3195DF1C10075EBB0 /* SmashViewController.swift */,
				4547C2A1195DF1C10075EBB0 /* AppDelegate.swift */,
				45FC1161196DCB63008985F0 /* ExternalKeyboard.swift */,
				D754B1C11E33D52B00A85BDC /* String+Extensions.swift */,
				D754B1C71E33F5BA00A85BDC /* Optional+Extensions.swift */,
				4547C29F195DF1C10075EBB0 /* Supporting Files */,
				4547C2A5195DF1C10075EBB0 /* Main.storyboard */,
				4547C2A8195DF1C10075EBB0 /* Images.xcassets */,
				D70EBF671E3A106800D00AB2 /* Tuple+Extensions.swift */,
				D70EBF691E3A160B00D00AB2 /* Array+Extensions.swift */,
			);
			path = KeySmash;
			sourceTree = "<group>";
		};
		4547C29F195DF1C10075EBB0 /* Supporting Files */ = {
			isa = PBXGroup;
			children = (
				4547C2A0195DF1C10075EBB0 /* Info.plist */,
			);
			name = "Supporting Files";
			sourceTree = "<group>";
		};
		456CDE9A196ED97D00B0F836 /* modes */ = {
			isa = PBXGroup;
			children = (
				456CDE9C196ED97D00B0F836 /* Modeable.swift */,
				456CDE9D196ED97D00B0F836 /* SayPressedKey.swift */,
				456CDE9B196ED97D00B0F836 /* HuntForKey.swift */,
				456CFFFF196EF373005E8E9C /* OrderedAlphabet.swift */,
				456C0001196EF8C5005E8E9C /* Counting.swift */,
				D754B1C31E33DC5000A85BDC /* Mode.swift */,
				D754B1C51E33EDAF00A85BDC /* OrderedMode.swift */,
			);
			path = modes;
			sourceTree = "<group>";
		};
		D754B1BE1E339A1D00A85BDC /* Frameworks */ = {
			isa = PBXGroup;
			children = (
				D754B1BF1E339A1D00A85BDC /* AVFoundation.framework */,
				FDC06DC216E05DC698BFF22B /* Pods_KeySmash.framework */,
			);
			name = Frameworks;
			sourceTree = "<group>";
		};
/* End PBXGroup section */

/* Begin PBXNativeTarget section */
		4547C29B195DF1C10075EBB0 /* KeySmash */ = {
			isa = PBXNativeTarget;
			buildConfigurationList = 4547C2B8195DF1C10075EBB0 /* Build configuration list for PBXNativeTarget "KeySmash" */;
			buildPhases = (
				863F8380F862B9E97D354787 /* [CP] Check Pods Manifest.lock */,
				4547C298195DF1C10075EBB0 /* Sources */,
				4547C299195DF1C10075EBB0 /* Frameworks */,
				4547C29A195DF1C10075EBB0 /* Resources */,
				35C00ABDF4E1209DB6D7B58E /* [CP] Embed Pods Frameworks */,
				A534DA0785FD3F49DEEA5625 /* [CP] Copy Pods Resources */,
			);
			buildRules = (
			);
			dependencies = (
			);
			name = KeySmash;
			productName = KeySmash;
			productReference = 4547C29C195DF1C10075EBB0 /* KeySmash.app */;
			productType = "com.apple.product-type.application";
		};
/* End PBXNativeTarget section */

/* Begin PBXProject section */
		4547C294195DF1C10075EBB0 /* Project object */ = {
			isa = PBXProject;
			attributes = {
				LastSwiftUpdateCheck = 0700;
				LastUpgradeCheck = 0820;
				ORGANIZATIONNAME = "Piikea Street";
				TargetAttributes = {
					4547C29B195DF1C10075EBB0 = {
						CreatedOnToolsVersion = 6.0;
						LastSwiftMigration = 0820;
					};
				};
			};
			buildConfigurationList = 4547C297195DF1C10075EBB0 /* Build configuration list for PBXProject "KeySmash" */;
			compatibilityVersion = "Xcode 3.2";
			developmentRegion = English;
			hasScannedForEncodings = 0;
			knownRegions = (
				en,
				Base,
			);
			mainGroup = 4547C293195DF1C10075EBB0;
			productRefGroup = 4547C29D195DF1C10075EBB0 /* Products */;
			projectDirPath = "";
			projectRoot = "";
			targets = (
				4547C29B195DF1C10075EBB0 /* KeySmash */,
			);
		};
/* End PBXProject section */

/* Begin PBXResourcesBuildPhase section */
		4547C29A195DF1C10075EBB0 /* Resources */ = {
			isa = PBXResourcesBuildPhase;
			buildActionMask = 2147483647;
			files = (
				4547C2A7195DF1C10075EBB0 /* Main.storyboard in Resources */,
				4547C2A9195DF1C10075EBB0 /* Images.xcassets in Resources */,
			);
			runOnlyForDeploymentPostprocessing = 0;
		};
/* End PBXResourcesBuildPhase section */

/* Begin PBXShellScriptBuildPhase section */
		35C00ABDF4E1209DB6D7B58E /* [CP] Embed Pods Frameworks */ = {
			isa = PBXShellScriptBuildPhase;
			buildActionMask = 2147483647;
			files = (
			);
			inputPaths = (
			);
			name = "[CP] Embed Pods Frameworks";
			outputPaths = (
			);
			runOnlyForDeploymentPostprocessing = 0;
			shellPath = /bin/sh;
			shellScript = "\"${SRCROOT}/Pods/Target Support Files/Pods-KeySmash/Pods-KeySmash-frameworks.sh\"\n";
			showEnvVarsInLog = 0;
		};
		863F8380F862B9E97D354787 /* [CP] Check Pods Manifest.lock */ = {
			isa = PBXShellScriptBuildPhase;
			buildActionMask = 2147483647;
			files = (
			);
			inputPaths = (
			);
			name = "[CP] Check Pods Manifest.lock";
			outputPaths = (
			);
			runOnlyForDeploymentPostprocessing = 0;
			shellPath = /bin/sh;
			shellScript = "diff \"${PODS_ROOT}/../Podfile.lock\" \"${PODS_ROOT}/Manifest.lock\" > /dev/null\nif [ $? != 0 ] ; then\n    # print error to STDERR\n    echo \"error: The sandbox is not in sync with the Podfile.lock. Run 'pod install' or update your CocoaPods installation.\" >&2\n    exit 1\nfi\n";
			showEnvVarsInLog = 0;
		};
		A534DA0785FD3F49DEEA5625 /* [CP] Copy Pods Resources */ = {
			isa = PBXShellScriptBuildPhase;
			buildActionMask = 2147483647;
			files = (
			);
			inputPaths = (
			);
			name = "[CP] Copy Pods Resources";
			outputPaths = (
			);
			runOnlyForDeploymentPostprocessing = 0;
			shellPath = /bin/sh;
			shellScript = "\"${SRCROOT}/Pods/Target Support Files/Pods-KeySmash/Pods-KeySmash-resources.sh\"\n";
			showEnvVarsInLog = 0;
		};
/* End PBXShellScriptBuildPhase section */

/* Begin PBXSourcesBuildPhase section */
		4547C298195DF1C10075EBB0 /* Sources */ = {
			isa = PBXSourcesBuildPhase;
			buildActionMask = 2147483647;
			files = (
				456CDEA0196ED97D00B0F836 /* SayPressedKey.swift in Sources */,
				D754B1C81E33F5BA00A85BDC /* Optional+Extensions.swift in Sources */,
				45FC1162196DCB63008985F0 /* ExternalKeyboard.swift in Sources */,
				D70EBF6A1E3A160B00D00AB2 /* Array+Extensions.swift in Sources */,
				D754B1C61E33EDAF00A85BDC /* OrderedMode.swift in Sources */,
				456C0002196EF8C5005E8E9C /* Counting.swift in Sources */,
				456CDE9F196ED97D00B0F836 /* Modeable.swift in Sources */,
				D754B1C21E33D52B00A85BDC /* String+Extensions.swift in Sources */,
				456CDE9E196ED97D00B0F836 /* HuntForKey.swift in Sources */,
				D754B1C41E33DC5000A85BDC /* Mode.swift in Sources */,
				4547C2A4195DF1C10075EBB0 /* SmashViewController.swift in Sources */,
				D70EBF681E3A106800D00AB2 /* Tuple+Extensions.swift in Sources */,
				456C0000196EF373005E8E9C /* OrderedAlphabet.swift in Sources */,
				4547C2A2195DF1C10075EBB0 /* AppDelegate.swift in Sources */,
			);
			runOnlyForDeploymentPostprocessing = 0;
		};
/* End PBXSourcesBuildPhase section */

/* Begin PBXVariantGroup section */
		4547C2A5195DF1C10075EBB0 /* Main.storyboard */ = {
			isa = PBXVariantGroup;
			children = (
				4547C2A6195DF1C10075EBB0 /* Base */,
			);
			name = Main.storyboard;
			sourceTree = "<group>";
		};
/* End PBXVariantGroup section */

/* Begin XCBuildConfiguration section */
		4547C2B6195DF1C10075EBB0 /* Debug */ = {
			isa = XCBuildConfiguration;
			buildSettings = {
				ALWAYS_SEARCH_USER_PATHS = NO;
				CLANG_CXX_LANGUAGE_STANDARD = "gnu++0x";
				CLANG_CXX_LIBRARY = "libc++";
				CLANG_ENABLE_MODULES = YES;
				CLANG_ENABLE_OBJC_ARC = YES;
				CLANG_WARN_BOOL_CONVERSION = YES;
				CLANG_WARN_CONSTANT_CONVERSION = YES;
				CLANG_WARN_DIRECT_OBJC_ISA_USAGE = YES_ERROR;
				CLANG_WARN_EMPTY_BODY = YES;
				CLANG_WARN_ENUM_CONVERSION = YES;
				CLANG_WARN_INFINITE_RECURSION = YES;
				CLANG_WARN_INT_CONVERSION = YES;
				CLANG_WARN_OBJC_ROOT_CLASS = YES_ERROR;
				CLANG_WARN_SUSPICIOUS_MOVE = YES;
				CLANG_WARN_UNREACHABLE_CODE = YES;
				CLANG_WARN__DUPLICATE_METHOD_MATCH = YES;
				"CODE_SIGN_IDENTITY[sdk=iphoneos*]" = "iPhone Developer";
				COPY_PHASE_STRIP = NO;
				ENABLE_STRICT_OBJC_MSGSEND = YES;
				ENABLE_TESTABILITY = YES;
				GCC_C_LANGUAGE_STANDARD = gnu99;
				GCC_DYNAMIC_NO_PIC = NO;
				GCC_NO_COMMON_BLOCKS = YES;
				GCC_OPTIMIZATION_LEVEL = 0;
				GCC_PREPROCESSOR_DEFINITIONS = (
					"DEBUG=1",
					"$(inherited)",
				);
				GCC_SYMBOLS_PRIVATE_EXTERN = NO;
				GCC_WARN_64_TO_32_BIT_CONVERSION = YES;
				GCC_WARN_ABOUT_RETURN_TYPE = YES_ERROR;
				GCC_WARN_UNDECLARED_SELECTOR = YES;
				GCC_WARN_UNINITIALIZED_AUTOS = YES_AGGRESSIVE;
				GCC_WARN_UNUSED_FUNCTION = YES;
				GCC_WARN_UNUSED_VARIABLE = YES;
				IPHONEOS_DEPLOYMENT_TARGET = 9.0;
				METAL_ENABLE_DEBUG_INFO = YES;
				ONLY_ACTIVE_ARCH = YES;
				SDKROOT = iphoneos;
				SWIFT_OPTIMIZATION_LEVEL = "-Onone";
				TARGETED_DEVICE_FAMILY = "1,2";
			};
			name = Debug;
		};
		4547C2B7195DF1C10075EBB0 /* Release */ = {
			isa = XCBuildConfiguration;
			buildSettings = {
				ALWAYS_SEARCH_USER_PATHS = NO;
				CLANG_CXX_LANGUAGE_STANDARD = "gnu++0x";
				CLANG_CXX_LIBRARY = "libc++";
				CLANG_ENABLE_MODULES = YES;
				CLANG_ENABLE_OBJC_ARC = YES;
				CLANG_WARN_BOOL_CONVERSION = YES;
				CLANG_WARN_CONSTANT_CONVERSION = YES;
				CLANG_WARN_DIRECT_OBJC_ISA_USAGE = YES_ERROR;
				CLANG_WARN_EMPTY_BODY = YES;
				CLANG_WARN_ENUM_CONVERSION = YES;
				CLANG_WARN_INFINITE_RECURSION = YES;
				CLANG_WARN_INT_CONVERSION = YES;
				CLANG_WARN_OBJC_ROOT_CLASS = YES_ERROR;
				CLANG_WARN_SUSPICIOUS_MOVE = YES;
				CLANG_WARN_UNREACHABLE_CODE = YES;
				CLANG_WARN__DUPLICATE_METHOD_MATCH = YES;
				"CODE_SIGN_IDENTITY[sdk=iphoneos*]" = "iPhone Developer";
				COPY_PHASE_STRIP = YES;
				ENABLE_NS_ASSERTIONS = NO;
				ENABLE_STRICT_OBJC_MSGSEND = YES;
				GCC_C_LANGUAGE_STANDARD = gnu99;
				GCC_NO_COMMON_BLOCKS = YES;
				GCC_WARN_64_TO_32_BIT_CONVERSION = YES;
				GCC_WARN_ABOUT_RETURN_TYPE = YES_ERROR;
				GCC_WARN_UNDECLARED_SELECTOR = YES;
				GCC_WARN_UNINITIALIZED_AUTOS = YES_AGGRESSIVE;
				GCC_WARN_UNUSED_FUNCTION = YES;
				GCC_WARN_UNUSED_VARIABLE = YES;
				IPHONEOS_DEPLOYMENT_TARGET = 9.0;
				METAL_ENABLE_DEBUG_INFO = NO;
				SDKROOT = iphoneos;
				SWIFT_OPTIMIZATION_LEVEL = "-Owholemodule";
				TARGETED_DEVICE_FAMILY = "1,2";
				VALIDATE_PRODUCT = YES;
			};
			name = Release;
		};
		4547C2B9195DF1C10075EBB0 /* Debug */ = {
			isa = XCBuildConfiguration;
			baseConfigurationReference = 4A345AB53AD9BA58474AB916 /* Pods-KeySmash.debug.xcconfig */;
			buildSettings = {
				ASSETCATALOG_COMPILER_APPICON_NAME = AppIcon;
				ASSETCATALOG_COMPILER_LAUNCHIMAGE_NAME = LaunchImage;
				INFOPLIST_FILE = KeySmash/Info.plist;
				LD_RUNPATH_SEARCH_PATHS = "$(inherited) @executable_path/Frameworks";
				PRODUCT_BUNDLE_IDENTIFIER = "${PRODUCT_NAME:rfc1034identifier}";
				PRODUCT_NAME = KeySmash;
				SWIFT_VERSION = 3.0;
			};
			name = Debug;
		};
		4547C2BA195DF1C10075EBB0 /* Release */ = {
			isa = XCBuildConfiguration;
			baseConfigurationReference = 110CBB4E03A0DB1057C38E52 /* Pods-KeySmash.release.xcconfig */;
			buildSettings = {
				ASSETCATALOG_COMPILER_APPICON_NAME = AppIcon;
				ASSETCATALOG_COMPILER_LAUNCHIMAGE_NAME = LaunchImage;
				INFOPLIST_FILE = KeySmash/Info.plist;
				LD_RUNPATH_SEARCH_PATHS = "$(inherited) @executable_path/Frameworks";
				PRODUCT_BUNDLE_IDENTIFIER = "${PRODUCT_NAME:rfc1034identifier}";
				PRODUCT_NAME = KeySmash;
				SWIFT_VERSION = 3.0;
			};
			name = Release;
		};
/* End XCBuildConfiguration section */

/* Begin XCConfigurationList section */
		4547C297195DF1C10075EBB0 /* Build configuration list for PBXProject "KeySmash" */ = {
			isa = XCConfigurationList;
			buildConfigurations = (
				4547C2B6195DF1C10075EBB0 /* Debug */,
				4547C2B7195DF1C10075EBB0 /* Release */,
			);
			defaultConfigurationIsVisible = 0;
			defaultConfigurationName = Release;
		};
		4547C2B8195DF1C10075EBB0 /* Build configuration list for PBXNativeTarget "KeySmash" */ = {
			isa = XCConfigurationList;
			buildConfigurations = (
				4547C2B9195DF1C10075EBB0 /* Debug */,
				4547C2BA195DF1C10075EBB0 /* Release */,
			);
			defaultConfigurationIsVisible = 0;
			defaultConfigurationName = Release;
		};
/* End XCConfigurationList section */
	};
	rootObject = 4547C294195DF1C10075EBB0 /* Project object */;
}
